{
  "version": 4,
  "terraform_version": "1.5.7",
  "serial": 41,
  "lineage": "52857ad9-1d82-a2ed-25ce-4a41b09ce7ac",
  "outputs": {
    "agents_service_account_email": {
      "value": "zantara-agents@involuted-box-469105-r0.iam.gserviceaccount.com",
      "type": "string"
    },
    "api_key_secret_id": {
      "value": "zantara-api-key",
      "type": "string"
    },
    "artifact_registry_repository": {
      "value": "zantara-repo",
      "type": "string"
    },
    "container_registry_url": {
      "value": "asia-southeast2-docker.pkg.dev/involuted-box-469105-r0/zantara-repo",
      "type": "string"
    },
    "github_token_secret_id": {
      "value": "zantara-github-token",
      "type": "string"
    },
    "openai_key_secret_id": {
      "value": "zantara-openai-key",
      "type": "string"
    },
    "orchestrator_service_account_email": {
      "value": "zantara-orchestrator@involuted-box-469105-r0.iam.gserviceaccount.com",
      "type": "string"
    },
    "orchestrator_service_url": {
      "value": "https://zantara-orchestrator-himaadsxua-et.a.run.app",
      "type": "string"
    },
    "project_id": {
      "value": "involuted-box-469105-r0",
      "type": "string"
    },
    "pubsub_subscription_name": {
      "value": "zantara-orchestrator-tasks",
      "type": "string"
    },
    "pubsub_topic_name": {
      "value": "zantara-tasks",
      "type": "string"
    },
    "region": {
      "value": "asia-southeast2",
      "type": "string"
    },
    "setup_commands": {
      "value": {
        "api_key": "echo 'your-api-key' | gcloud secrets versions add zantara-api-key --data-file=-",
        "github_token": "echo 'your-github-token' | gcloud secrets versions add zantara-github-token --data-file=-",
        "openai_key": "echo 'your-openai-key' | gcloud secrets versions add zantara-openai-key --data-file=-"
      },
      "type": [
        "object",
        {
          "api_key": "string",
          "github_token": "string",
          "openai_key": "string"
        }
      ]
    },
    "storage_bucket_name": {
      "value": "involuted-box-469105-r0-zantara-storage",
      "type": "string"
    },
    "storage_bucket_url": {
      "value": "gs://involuted-box-469105-r0-zantara-storage",
      "type": "string"
    }
  },
  "resources": [
    {
      "mode": "managed",
      "type": "google_artifact_registry_repository",
      "name": "zantara_repo",
      "provider": "provider[\"registry.terraform.io/hashicorp/google\"]",
      "instances": [
        {
          "schema_version": 0,
          "attributes": {
            "cleanup_policies": [],
            "cleanup_policy_dry_run": false,
            "create_time": "2025-08-23T13:23:13.679810Z",
            "description": "Zantara multi-agent system container images",
            "docker_config": [],
            "effective_labels": {},
            "format": "DOCKER",
            "id": "projects/involuted-box-469105-r0/locations/asia-southeast2/repositories/zantara-repo",
            "kms_key_name": "",
            "labels": {},
            "location": "asia-southeast2",
            "maven_config": [],
            "mode": "STANDARD_REPOSITORY",
            "name": "zantara-repo",
            "project": "involuted-box-469105-r0",
            "registry_uri": "asia-southeast2-docker.pkg.dev/involuted-box-469105-r0/zantara-repo",
            "remote_repository_config": [],
            "repository_id": "zantara-repo",
            "terraform_labels": {},
            "timeouts": null,
            "update_time": "2025-09-16T11:42:39.763100Z",
            "virtual_repository_config": [],
            "vulnerability_scanning_config": [
              {
                "enablement_config": "",
                "enablement_state": "SCANNING_DISABLED",
                "enablement_state_reason": "API containerscanning.googleapis.com is not enabled."
              }
            ]
          },
          "sensitive_attributes": [],
          "private": "eyJlMmJmYjczMC1lY2FhLTExZTYtOGY4OC0zNDM2M2JjN2M0YzAiOnsiY3JlYXRlIjoxMjAwMDAwMDAwMDAwLCJkZWxldGUiOjEyMDAwMDAwMDAwMDAsInVwZGF0ZSI6MTIwMDAwMDAwMDAwMH19",
          "dependencies": [
            "google_project_service.required_apis"
          ]
        }
      ]
    },
    {
      "mode": "managed",
      "type": "google_billing_budget",
      "name": "zantara_budget",
      "provider": "provider[\"registry.terraform.io/hashicorp/google\"]",
      "instances": []
    },
    {
      "mode": "managed",
      "type": "google_cloud_run_service_iam_member",
      "name": "light_agent_public",
      "provider": "provider[\"registry.terraform.io/hashicorp/google\"]",
      "instances": []
    },
    {
      "mode": "managed",
      "type": "google_cloud_run_service_iam_member",
      "name": "orchestrator_public",
      "provider": "provider[\"registry.terraform.io/hashicorp/google\"]",
      "instances": [
        {
          "schema_version": 0,
          "attributes": {
            "condition": [],
            "etag": "BwY+9JP3vNw=",
            "id": "v1/projects/involuted-box-469105-r0/locations/asia-southeast2/services/zantara-orchestrator/roles/run.invoker/allUsers",
            "location": "asia-southeast2",
            "member": "allUsers",
            "project": "involuted-box-469105-r0",
            "role": "roles/run.invoker",
            "service": "v1/projects/involuted-box-469105-r0/locations/asia-southeast2/services/zantara-orchestrator"
          },
          "sensitive_attributes": [],
          "private": "bnVsbA==",
          "dependencies": [
            "google_cloud_run_v2_service.orchestrator",
            "google_project_service.required_apis",
            "google_pubsub_topic.tasks",
            "google_secret_manager_secret.api_key",
            "google_secret_manager_secret.openai_key",
            "google_service_account.orchestrator"
          ]
        }
      ]
    },
    {
      "mode": "managed",
      "type": "google_cloud_run_v2_service",
      "name": "light_agent",
      "provider": "provider[\"registry.terraform.io/hashicorp/google\"]",
      "instances": [
        {
          "status": "tainted",
          "schema_version": 0,
          "attributes": {
            "annotations": {},
            "binary_authorization": [],
            "build_config": [],
            "client": "",
            "client_version": "",
            "conditions": [
              {
                "execution_reason": "",
                "last_transition_time": "2025-09-16T11:42:41.216654Z",
                "message": "Revision 'zantara-light-agent-00001-szr' is not ready and cannot serve traffic. Image 'asia-southeast2-docker.pkg.dev/involuted-box-469105-r0/zantara-repo/zantara-light-agent:latest' not found.",
                "reason": "REVISION_FAILED",
                "revision_reason": "",
                "severity": "",
                "state": "CONDITION_FAILED",
                "type": "RoutesReady"
              },
              {
                "execution_reason": "",
                "last_transition_time": "2025-09-16T11:42:41.206843Z",
                "message": "Image 'asia-southeast2-docker.pkg.dev/involuted-box-469105-r0/zantara-repo/zantara-light-agent:latest' not found.",
                "reason": "",
                "revision_reason": "",
                "severity": "",
                "state": "CONDITION_SUCCEEDED",
                "type": "ConfigurationsReady"
              }
            ],
            "create_time": "2025-09-16T11:42:40.776127Z",
            "creator": "zero@balizero.com",
            "custom_audiences": [],
            "delete_time": "",
            "deletion_protection": true,
            "description": "",
            "effective_annotations": {},
            "effective_labels": {
              "goog-terraform-provisioned": "true"
            },
            "etag": "\"CLCapcYGEJiEi_IC/cHJvamVjdHMvaW52b2x1dGVkLWJveC00NjkxMDUtcjAvbG9jYXRpb25zL2FzaWEtc291dGhlYXN0Mi9zZXJ2aWNlcy96YW50YXJhLWxpZ2h0LWFnZW50\"",
            "expire_time": "",
            "generation": "1",
            "id": "projects/involuted-box-469105-r0/locations/asia-southeast2/services/zantara-light-agent",
            "ingress": "INGRESS_TRAFFIC_ALL",
            "invoker_iam_disabled": false,
            "labels": {},
            "last_modifier": "zero@balizero.com",
            "latest_created_revision": "projects/involuted-box-469105-r0/locations/asia-southeast2/services/zantara-light-agent/revisions/zantara-light-agent-00001-szr",
            "latest_ready_revision": "",
            "launch_stage": "GA",
            "location": "asia-southeast2",
            "multi_region_settings": [],
            "name": "zantara-light-agent",
            "observed_generation": "1",
            "project": "involuted-box-469105-r0",
            "reconciling": false,
            "scaling": [],
            "template": [
              {
                "annotations": {},
                "containers": [
                  {
                    "args": [],
                    "base_image_uri": "",
                    "build_info": [],
                    "command": [],
                    "depends_on": [],
                    "env": [
                      {
                        "name": "API_KEY_SECRET",
                        "value": "",
                        "value_source": [
                          {
                            "secret_key_ref": [
                              {
                                "secret": "zantara-api-key",
                                "version": "latest"
                              }
                            ]
                          }
                        ]
                      },
                      {
                        "name": "PROJECT_ID",
                        "value": "involuted-box-469105-r0",
                        "value_source": []
                      },
                      {
                        "name": "PUBSUB_SUBSCRIPTION",
                        "value": "zantara-orchestrator-tasks",
                        "value_source": []
                      }
                    ],
                    "image": "asia-southeast2-docker.pkg.dev/involuted-box-469105-r0/zantara-repo/zantara-light-agent:latest",
                    "liveness_probe": [],
                    "name": "",
                    "ports": [
                      {
                        "container_port": 8080,
                        "name": "http1"
                      }
                    ],
                    "resources": [
                      {
                        "cpu_idle": false,
                        "limits": {
                          "cpu": "1",
                          "memory": "2Gi"
                        },
                        "startup_cpu_boost": false
                      }
                    ],
                    "startup_probe": [
                      {
                        "failure_threshold": 1,
                        "grpc": [],
                        "http_get": [],
                        "initial_delay_seconds": 0,
                        "period_seconds": 240,
                        "tcp_socket": [
                          {
                            "port": 8080
                          }
                        ],
                        "timeout_seconds": 240
                      }
                    ],
                    "volume_mounts": [],
                    "working_dir": ""
                  }
                ],
                "encryption_key": "",
                "execution_environment": "",
                "gpu_zonal_redundancy_disabled": false,
                "labels": {},
                "max_instance_request_concurrency": 80,
                "node_selector": [],
                "revision": "",
                "scaling": [
                  {
                    "max_instance_count": 10,
                    "min_instance_count": 0
                  }
                ],
                "service_account": "zantara-agents@involuted-box-469105-r0.iam.gserviceaccount.com",
                "session_affinity": false,
                "timeout": "300s",
                "volumes": [],
                "vpc_access": []
              }
            ],
            "terminal_condition": [
              {
                "execution_reason": "",
                "last_transition_time": "2025-09-16T11:42:41.216654Z",
                "message": "Revision 'zantara-light-agent-00001-szr' is not ready and cannot serve traffic. Image 'asia-southeast2-docker.pkg.dev/involuted-box-469105-r0/zantara-repo/zantara-light-agent:latest' not found.",
                "reason": "REVISION_FAILED",
                "revision_reason": "",
                "severity": "",
                "state": "CONDITION_FAILED",
                "type": "Ready"
              }
            ],
            "terraform_labels": {
              "goog-terraform-provisioned": "true"
            },
            "timeouts": null,
            "traffic": [
              {
                "percent": 100,
                "revision": "",
                "tag": "",
                "type": "TRAFFIC_TARGET_ALLOCATION_TYPE_LATEST"
              }
            ],
            "traffic_statuses": [],
            "uid": "d7437885-1801-4dc0-abe4-a916a4b0d9bf",
            "update_time": "2025-09-16T11:42:40.776127Z",
            "uri": "",
            "urls": [
              "https://zantara-light-agent-1064094238013.asia-southeast2.run.app"
            ]
          },
          "sensitive_attributes": [],
          "private": "eyJlMmJmYjczMC1lY2FhLTExZTYtOGY4OC0zNDM2M2JjN2M0YzAiOnsiY3JlYXRlIjoxMjAwMDAwMDAwMDAwLCJkZWxldGUiOjEyMDAwMDAwMDAwMDAsInVwZGF0ZSI6MTIwMDAwMDAwMDAwMH19",
          "dependencies": [
            "google_artifact_registry_repository.zantara_repo",
            "google_project_service.required_apis",
            "google_pubsub_subscription.orchestrator_tasks",
            "google_pubsub_topic.tasks",
            "google_secret_manager_secret.api_key",
            "google_service_account.agents"
          ]
        }
      ]
    },
    {
      "mode": "managed",
      "type": "google_cloud_run_v2_service",
      "name": "orchestrator",
      "provider": "provider[\"registry.terraform.io/hashicorp/google\"]",
      "instances": [
        {
          "schema_version": 0,
          "attributes": {
            "annotations": null,
            "binary_authorization": [],
            "build_config": [],
            "client": "",
            "client_version": "",
            "conditions": [
              {
                "execution_reason": "",
                "last_transition_time": "2025-09-17T00:47:12.787512Z",
                "message": "",
                "reason": "",
                "revision_reason": "",
                "severity": "",
                "state": "CONDITION_SUCCEEDED",
                "type": "RoutesReady"
              },
              {
                "execution_reason": "",
                "last_transition_time": "2025-09-17T00:47:11.583972Z",
                "message": "",
                "reason": "",
                "revision_reason": "",
                "severity": "",
                "state": "CONDITION_SUCCEEDED",
                "type": "ConfigurationsReady"
              }
            ],
            "create_time": "2025-09-17T00:47:03.934834Z",
            "creator": "zero@balizero.com",
            "custom_audiences": null,
            "delete_time": "",
            "deletion_protection": true,
            "description": "",
            "effective_annotations": {},
            "effective_labels": {
              "goog-terraform-provisioned": "true"
            },
            "etag": "\"CIeKqMYGENDe4b0D/cHJvamVjdHMvaW52b2x1dGVkLWJveC00NjkxMDUtcjAvbG9jYXRpb25zL2FzaWEtc291dGhlYXN0Mi9zZXJ2aWNlcy96YW50YXJhLW9yY2hlc3RyYXRvcg\"",
            "expire_time": "",
            "generation": "1",
            "id": "projects/involuted-box-469105-r0/locations/asia-southeast2/services/zantara-orchestrator",
            "ingress": "INGRESS_TRAFFIC_ALL",
            "invoker_iam_disabled": false,
            "labels": null,
            "last_modifier": "zero@balizero.com",
            "latest_created_revision": "projects/involuted-box-469105-r0/locations/asia-southeast2/services/zantara-orchestrator/revisions/zantara-orchestrator-00001-nj9",
            "latest_ready_revision": "projects/involuted-box-469105-r0/locations/asia-southeast2/services/zantara-orchestrator/revisions/zantara-orchestrator-00001-nj9",
            "launch_stage": "GA",
            "location": "asia-southeast2",
            "multi_region_settings": [],
            "name": "zantara-orchestrator",
            "observed_generation": "1",
            "project": "involuted-box-469105-r0",
            "reconciling": false,
            "scaling": [],
            "template": [
              {
                "annotations": null,
                "containers": [
                  {
                    "args": null,
                    "base_image_uri": "",
                    "build_info": [],
                    "command": null,
                    "depends_on": null,
                    "env": [
                      {
                        "name": "API_KEY_SECRET",
                        "value": "",
                        "value_source": [
                          {
                            "secret_key_ref": [
                              {
                                "secret": "zantara-api-key",
                                "version": "latest"
                              }
                            ]
                          }
                        ]
                      },
                      {
                        "name": "OPENAI_API_KEY",
                        "value": "",
                        "value_source": [
                          {
                            "secret_key_ref": [
                              {
                                "secret": "zantara-openai-key",
                                "version": "latest"
                              }
                            ]
                          }
                        ]
                      },
                      {
                        "name": "PROJECT_ID",
                        "value": "involuted-box-469105-r0",
                        "value_source": []
                      },
                      {
                        "name": "PUBSUB_TOPIC",
                        "value": "zantara-tasks",
                        "value_source": []
                      },
                      {
                        "name": "REGION",
                        "value": "asia-southeast2",
                        "value_source": []
                      }
                    ],
                    "image": "gcr.io/cloudrun/hello",
                    "liveness_probe": [],
                    "name": "",
                    "ports": [
                      {
                        "container_port": 8080,
                        "name": "http1"
                      }
                    ],
                    "resources": [
                      {
                        "cpu_idle": false,
                        "limits": {
                          "cpu": "2",
                          "memory": "4Gi"
                        },
                        "startup_cpu_boost": false
                      }
                    ],
                    "startup_probe": [
                      {
                        "failure_threshold": 1,
                        "grpc": [],
                        "http_get": [],
                        "initial_delay_seconds": 0,
                        "period_seconds": 240,
                        "tcp_socket": [
                          {
                            "port": 8080
                          }
                        ],
                        "timeout_seconds": 240
                      }
                    ],
                    "volume_mounts": [],
                    "working_dir": ""
                  }
                ],
                "encryption_key": "",
                "execution_environment": "",
                "gpu_zonal_redundancy_disabled": false,
                "labels": null,
                "max_instance_request_concurrency": 160,
                "node_selector": [],
                "revision": "",
                "scaling": [
                  {
                    "max_instance_count": 3,
                    "min_instance_count": 1
                  }
                ],
                "service_account": "zantara-orchestrator@involuted-box-469105-r0.iam.gserviceaccount.com",
                "session_affinity": false,
                "timeout": "300s",
                "volumes": [],
                "vpc_access": []
              }
            ],
            "terminal_condition": [
              {
                "execution_reason": "",
                "last_transition_time": "2025-09-17T00:47:12.814037Z",
                "message": "",
                "reason": "",
                "revision_reason": "",
                "severity": "",
                "state": "CONDITION_SUCCEEDED",
                "type": "Ready"
              }
            ],
            "terraform_labels": {
              "goog-terraform-provisioned": "true"
            },
            "timeouts": null,
            "traffic": [
              {
                "percent": 100,
                "revision": "",
                "tag": "",
                "type": "TRAFFIC_TARGET_ALLOCATION_TYPE_LATEST"
              }
            ],
            "traffic_statuses": [
              {
                "percent": 100,
                "revision": "",
                "tag": "",
                "type": "TRAFFIC_TARGET_ALLOCATION_TYPE_LATEST",
                "uri": ""
              }
            ],
            "uid": "63b8ba54-94b3-4c43-a7eb-affca9c13a2c",
            "update_time": "2025-09-17T00:47:03.934834Z",
            "uri": "https://zantara-orchestrator-himaadsxua-et.a.run.app",
            "urls": [
              "https://zantara-orchestrator-1064094238013.asia-southeast2.run.app",
              "https://zantara-orchestrator-himaadsxua-et.a.run.app"
            ]
          },
          "sensitive_attributes": [],
          "private": "eyJlMmJmYjczMC1lY2FhLTExZTYtOGY4OC0zNDM2M2JjN2M0YzAiOnsiY3JlYXRlIjoxMjAwMDAwMDAwMDAwLCJkZWxldGUiOjEyMDAwMDAwMDAwMDAsInVwZGF0ZSI6MTIwMDAwMDAwMDAwMH19",
          "dependencies": [
            "google_project_service.required_apis",
            "google_pubsub_topic.tasks",
            "google_secret_manager_secret.api_key",
            "google_secret_manager_secret.openai_key",
            "google_service_account.orchestrator"
          ]
        }
      ]
    },
    {
      "mode": "managed",
      "type": "google_project_iam_member",
      "name": "agents_firestore",
      "provider": "provider[\"registry.terraform.io/hashicorp/google\"]",
      "instances": [
        {
          "schema_version": 0,
          "attributes": {
            "condition": [],
            "etag": "BwY+6d9gpSQ=",
            "id": "involuted-box-469105-r0/roles/datastore.user/serviceAccount:zantara-agents@involuted-box-469105-r0.iam.gserviceaccount.com",
            "member": "serviceAccount:zantara-agents@involuted-box-469105-r0.iam.gserviceaccount.com",
            "project": "involuted-box-469105-r0",
            "role": "roles/datastore.user"
          },
          "sensitive_attributes": [],
          "private": "bnVsbA==",
          "dependencies": [
            "google_service_account.agents"
          ]
        }
      ]
    },
    {
      "mode": "managed",
      "type": "google_project_iam_member",
      "name": "agents_pubsub_subscriber",
      "provider": "provider[\"registry.terraform.io/hashicorp/google\"]",
      "instances": [
        {
          "schema_version": 0,
          "attributes": {
            "condition": [],
            "etag": "BwY+6d9gpSQ=",
            "id": "involuted-box-469105-r0/roles/pubsub.subscriber/serviceAccount:zantara-agents@involuted-box-469105-r0.iam.gserviceaccount.com",
            "member": "serviceAccount:zantara-agents@involuted-box-469105-r0.iam.gserviceaccount.com",
            "project": "involuted-box-469105-r0",
            "role": "roles/pubsub.subscriber"
          },
          "sensitive_attributes": [],
          "private": "bnVsbA==",
          "dependencies": [
            "google_service_account.agents"
          ]
        }
      ]
    },
    {
      "mode": "managed",
      "type": "google_project_iam_member",
      "name": "agents_secrets",
      "provider": "provider[\"registry.terraform.io/hashicorp/google\"]",
      "instances": [
        {
          "schema_version": 0,
          "attributes": {
            "condition": [],
            "etag": "BwY+6d9gpSQ=",
            "id": "involuted-box-469105-r0/roles/secretmanager.secretAccessor/serviceAccount:zantara-agents@involuted-box-469105-r0.iam.gserviceaccount.com",
            "member": "serviceAccount:zantara-agents@involuted-box-469105-r0.iam.gserviceaccount.com",
            "project": "involuted-box-469105-r0",
            "role": "roles/secretmanager.secretAccessor"
          },
          "sensitive_attributes": [],
          "private": "bnVsbA==",
          "dependencies": [
            "google_service_account.agents"
          ]
        }
      ]
    },
    {
      "mode": "managed",
      "type": "google_project_iam_member",
      "name": "agents_storage",
      "provider": "provider[\"registry.terraform.io/hashicorp/google\"]",
      "instances": [
        {
          "schema_version": 0,
          "attributes": {
            "condition": [],
            "etag": "BwY+6d9gpSQ=",
            "id": "involuted-box-469105-r0/roles/storage.objectAdmin/serviceAccount:zantara-agents@involuted-box-469105-r0.iam.gserviceaccount.com",
            "member": "serviceAccount:zantara-agents@involuted-box-469105-r0.iam.gserviceaccount.com",
            "project": "involuted-box-469105-r0",
            "role": "roles/storage.objectAdmin"
          },
          "sensitive_attributes": [],
          "private": "bnVsbA==",
          "dependencies": [
            "google_service_account.agents"
          ]
        }
      ]
    },
    {
      "mode": "managed",
      "type": "google_project_iam_member",
      "name": "orchestrator_firestore",
      "provider": "provider[\"registry.terraform.io/hashicorp/google\"]",
      "instances": [
        {
          "schema_version": 0,
          "attributes": {
            "condition": [],
            "etag": "BwY+6d9gpSQ=",
            "id": "involuted-box-469105-r0/roles/datastore.user/serviceAccount:zantara-orchestrator@involuted-box-469105-r0.iam.gserviceaccount.com",
            "member": "serviceAccount:zantara-orchestrator@involuted-box-469105-r0.iam.gserviceaccount.com",
            "project": "involuted-box-469105-r0",
            "role": "roles/datastore.user"
          },
          "sensitive_attributes": [],
          "private": "bnVsbA==",
          "dependencies": [
            "google_service_account.orchestrator"
          ]
        }
      ]
    },
    {
      "mode": "managed",
      "type": "google_project_iam_member",
      "name": "orchestrator_pubsub_publisher",
      "provider": "provider[\"registry.terraform.io/hashicorp/google\"]",
      "instances": [
        {
          "schema_version": 0,
          "attributes": {
            "condition": [],
            "etag": "BwY+6d9gpSQ=",
            "id": "involuted-box-469105-r0/roles/pubsub.publisher/serviceAccount:zantara-orchestrator@involuted-box-469105-r0.iam.gserviceaccount.com",
            "member": "serviceAccount:zantara-orchestrator@involuted-box-469105-r0.iam.gserviceaccount.com",
            "project": "involuted-box-469105-r0",
            "role": "roles/pubsub.publisher"
          },
          "sensitive_attributes": [],
          "private": "bnVsbA==",
          "dependencies": [
            "google_service_account.orchestrator"
          ]
        }
      ]
    },
    {
      "mode": "managed",
      "type": "google_project_iam_member",
      "name": "orchestrator_secrets",
      "provider": "provider[\"registry.terraform.io/hashicorp/google\"]",
      "instances": [
        {
          "schema_version": 0,
          "attributes": {
            "condition": [],
            "etag": "BwY+6d9gpSQ=",
            "id": "involuted-box-469105-r0/roles/secretmanager.secretAccessor/serviceAccount:zantara-orchestrator@involuted-box-469105-r0.iam.gserviceaccount.com",
            "member": "serviceAccount:zantara-orchestrator@involuted-box-469105-r0.iam.gserviceaccount.com",
            "project": "involuted-box-469105-r0",
            "role": "roles/secretmanager.secretAccessor"
          },
          "sensitive_attributes": [],
          "private": "bnVsbA==",
          "dependencies": [
            "google_service_account.orchestrator"
          ]
        }
      ]
    },
    {
      "mode": "managed",
      "type": "google_project_iam_member",
      "name": "orchestrator_storage",
      "provider": "provider[\"registry.terraform.io/hashicorp/google\"]",
      "instances": [
        {
          "schema_version": 0,
          "attributes": {
            "condition": [],
            "etag": "BwY+6d9gpSQ=",
            "id": "involuted-box-469105-r0/roles/storage.admin/serviceAccount:zantara-orchestrator@involuted-box-469105-r0.iam.gserviceaccount.com",
            "member": "serviceAccount:zantara-orchestrator@involuted-box-469105-r0.iam.gserviceaccount.com",
            "project": "involuted-box-469105-r0",
            "role": "roles/storage.admin"
          },
          "sensitive_attributes": [],
          "private": "bnVsbA==",
          "dependencies": [
            "google_service_account.orchestrator"
          ]
        }
      ]
    },
    {
      "mode": "managed",
      "type": "google_project_service",
      "name": "required_apis",
      "provider": "provider[\"registry.terraform.io/hashicorp/google\"]",
      "instances": [
        {
          "index_key": "artifactregistry.googleapis.com",
          "schema_version": 0,
          "attributes": {
            "disable_dependent_services": null,
            "disable_on_destroy": false,
            "id": "involuted-box-469105-r0/artifactregistry.googleapis.com",
            "project": "involuted-box-469105-r0",
            "service": "artifactregistry.googleapis.com",
            "timeouts": null
          },
          "sensitive_attributes": [],
          "private": "eyJlMmJmYjczMC1lY2FhLTExZTYtOGY4OC0zNDM2M2JjN2M0YzAiOnsiY3JlYXRlIjoxMjAwMDAwMDAwMDAwLCJkZWxldGUiOjEyMDAwMDAwMDAwMDAsInJlYWQiOjYwMDAwMDAwMDAwMCwidXBkYXRlIjoxMjAwMDAwMDAwMDAwfX0="
        },
        {
          "index_key": "cloudbuild.googleapis.com",
          "schema_version": 0,
          "attributes": {
            "disable_dependent_services": null,
            "disable_on_destroy": false,
            "id": "involuted-box-469105-r0/cloudbuild.googleapis.com",
            "project": "involuted-box-469105-r0",
            "service": "cloudbuild.googleapis.com",
            "timeouts": null
          },
          "sensitive_attributes": [],
          "private": "eyJlMmJmYjczMC1lY2FhLTExZTYtOGY4OC0zNDM2M2JjN2M0YzAiOnsiY3JlYXRlIjoxMjAwMDAwMDAwMDAwLCJkZWxldGUiOjEyMDAwMDAwMDAwMDAsInJlYWQiOjYwMDAwMDAwMDAwMCwidXBkYXRlIjoxMjAwMDAwMDAwMDAwfX0="
        },
        {
          "index_key": "firestore.googleapis.com",
          "schema_version": 0,
          "attributes": {
            "disable_dependent_services": null,
            "disable_on_destroy": false,
            "id": "involuted-box-469105-r0/firestore.googleapis.com",
            "project": "involuted-box-469105-r0",
            "service": "firestore.googleapis.com",
            "timeouts": null
          },
          "sensitive_attributes": [],
          "private": "eyJlMmJmYjczMC1lY2FhLTExZTYtOGY4OC0zNDM2M2JjN2M0YzAiOnsiY3JlYXRlIjoxMjAwMDAwMDAwMDAwLCJkZWxldGUiOjEyMDAwMDAwMDAwMDAsInJlYWQiOjYwMDAwMDAwMDAwMCwidXBkYXRlIjoxMjAwMDAwMDAwMDAwfX0="
        },
        {
          "index_key": "pubsub.googleapis.com",
          "schema_version": 0,
          "attributes": {
            "disable_dependent_services": null,
            "disable_on_destroy": false,
            "id": "involuted-box-469105-r0/pubsub.googleapis.com",
            "project": "involuted-box-469105-r0",
            "service": "pubsub.googleapis.com",
            "timeouts": null
          },
          "sensitive_attributes": [],
          "private": "eyJlMmJmYjczMC1lY2FhLTExZTYtOGY4OC0zNDM2M2JjN2M0YzAiOnsiY3JlYXRlIjoxMjAwMDAwMDAwMDAwLCJkZWxldGUiOjEyMDAwMDAwMDAwMDAsInJlYWQiOjYwMDAwMDAwMDAwMCwidXBkYXRlIjoxMjAwMDAwMDAwMDAwfX0="
        },
        {
          "index_key": "run.googleapis.com",
          "schema_version": 0,
          "attributes": {
            "disable_dependent_services": null,
            "disable_on_destroy": false,
            "id": "involuted-box-469105-r0/run.googleapis.com",
            "project": "involuted-box-469105-r0",
            "service": "run.googleapis.com",
            "timeouts": null
          },
          "sensitive_attributes": [],
          "private": "eyJlMmJmYjczMC1lY2FhLTExZTYtOGY4OC0zNDM2M2JjN2M0YzAiOnsiY3JlYXRlIjoxMjAwMDAwMDAwMDAwLCJkZWxldGUiOjEyMDAwMDAwMDAwMDAsInJlYWQiOjYwMDAwMDAwMDAwMCwidXBkYXRlIjoxMjAwMDAwMDAwMDAwfX0="
        },
        {
          "index_key": "secretmanager.googleapis.com",
          "schema_version": 0,
          "attributes": {
            "disable_dependent_services": null,
            "disable_on_destroy": false,
            "id": "involuted-box-469105-r0/secretmanager.googleapis.com",
            "project": "involuted-box-469105-r0",
            "service": "secretmanager.googleapis.com",
            "timeouts": null
          },
          "sensitive_attributes": [],
          "private": "eyJlMmJmYjczMC1lY2FhLTExZTYtOGY4OC0zNDM2M2JjN2M0YzAiOnsiY3JlYXRlIjoxMjAwMDAwMDAwMDAwLCJkZWxldGUiOjEyMDAwMDAwMDAwMDAsInJlYWQiOjYwMDAwMDAwMDAwMCwidXBkYXRlIjoxMjAwMDAwMDAwMDAwfX0="
        }
      ]
    },
    {
      "mode": "managed",
      "type": "google_pubsub_subscription",
      "name": "orchestrator_tasks",
      "provider": "provider[\"registry.terraform.io/hashicorp/google\"]",
      "instances": [
        {
          "schema_version": 0,
          "attributes": {
            "ack_deadline_seconds": 60,
            "bigquery_config": [],
            "cloud_storage_config": [],
            "dead_letter_policy": [],
            "effective_labels": {
              "goog-terraform-provisioned": "true"
            },
            "enable_exactly_once_delivery": false,
            "enable_message_ordering": false,
            "expiration_policy": [
              {
                "ttl": "2678400s"
              }
            ],
            "filter": "",
            "id": "projects/involuted-box-469105-r0/subscriptions/zantara-orchestrator-tasks",
            "labels": {},
            "message_retention_duration": "604800s",
            "message_transforms": [],
            "name": "zantara-orchestrator-tasks",
            "project": "involuted-box-469105-r0",
            "push_config": [],
            "retain_acked_messages": false,
            "retry_policy": [
              {
                "maximum_backoff": "60s",
                "minimum_backoff": "10s"
              }
            ],
            "terraform_labels": {
              "goog-terraform-provisioned": "true"
            },
            "timeouts": null,
            "topic": "projects/involuted-box-469105-r0/topics/zantara-tasks"
          },
          "sensitive_attributes": [],
          "private": "eyJlMmJmYjczMC1lY2FhLTExZTYtOGY4OC0zNDM2M2JjN2M0YzAiOnsiY3JlYXRlIjoxMjAwMDAwMDAwMDAwLCJkZWxldGUiOjEyMDAwMDAwMDAwMDAsInVwZGF0ZSI6MTIwMDAwMDAwMDAwMH19",
          "dependencies": [
            "google_project_service.required_apis",
            "google_pubsub_topic.tasks"
          ]
        }
      ]
    },
    {
      "mode": "managed",
      "type": "google_pubsub_topic",
      "name": "tasks",
      "provider": "provider[\"registry.terraform.io/hashicorp/google\"]",
      "instances": [
        {
          "schema_version": 0,
          "attributes": {
            "effective_labels": {
              "goog-terraform-provisioned": "true"
            },
            "id": "projects/involuted-box-469105-r0/topics/zantara-tasks",
            "ingestion_data_source_settings": [],
            "kms_key_name": "",
            "labels": {},
            "message_retention_duration": "",
            "message_storage_policy": [],
            "message_transforms": [],
            "name": "zantara-tasks",
            "project": "involuted-box-469105-r0",
            "schema_settings": [],
            "terraform_labels": {
              "goog-terraform-provisioned": "true"
            },
            "timeouts": null
          },
          "sensitive_attributes": [],
          "private": "eyJlMmJmYjczMC1lY2FhLTExZTYtOGY4OC0zNDM2M2JjN2M0YzAiOnsiY3JlYXRlIjoxMjAwMDAwMDAwMDAwLCJkZWxldGUiOjEyMDAwMDAwMDAwMDAsInVwZGF0ZSI6MTIwMDAwMDAwMDAwMH19",
          "dependencies": [
            "google_project_service.required_apis"
          ]
        }
      ]
    },
    {
      "mode": "managed",
      "type": "google_secret_manager_secret",
      "name": "api_key",
      "provider": "provider[\"registry.terraform.io/hashicorp/google\"]",
      "instances": [
        {
          "schema_version": 0,
          "attributes": {
            "annotations": {},
            "create_time": "2025-09-16T11:41:39.094545Z",
            "deletion_protection": false,
            "effective_annotations": {},
            "effective_labels": {
              "goog-terraform-provisioned": "true"
            },
            "expire_time": "",
            "id": "projects/involuted-box-469105-r0/secrets/zantara-api-key",
            "labels": {},
            "name": "projects/1064094238013/secrets/zantara-api-key",
            "project": "involuted-box-469105-r0",
            "replication": [
              {
                "auto": [
                  {
                    "customer_managed_encryption": []
                  }
                ],
                "user_managed": []
              }
            ],
            "rotation": [],
            "secret_id": "zantara-api-key",
            "tags": null,
            "terraform_labels": {
              "goog-terraform-provisioned": "true"
            },
            "timeouts": null,
            "topics": [],
            "ttl": null,
            "version_aliases": {},
            "version_destroy_ttl": ""
          },
          "sensitive_attributes": [],
          "private": "eyJlMmJmYjczMC1lY2FhLTExZTYtOGY4OC0zNDM2M2JjN2M0YzAiOnsiY3JlYXRlIjoxMjAwMDAwMDAwMDAwLCJkZWxldGUiOjEyMDAwMDAwMDAwMDAsInVwZGF0ZSI6MTIwMDAwMDAwMDAwMH19",
          "dependencies": [
            "google_project_service.required_apis"
          ]
        }
      ]
    },
    {
      "mode": "managed",
      "type": "google_secret_manager_secret",
      "name": "github_token",
      "provider": "provider[\"registry.terraform.io/hashicorp/google\"]",
      "instances": [
        {
          "schema_version": 0,
          "attributes": {
            "annotations": {},
            "create_time": "2025-09-16T11:41:39.091839Z",
            "deletion_protection": false,
            "effective_annotations": {},
            "effective_labels": {
              "goog-terraform-provisioned": "true"
            },
            "expire_time": "",
            "id": "projects/involuted-box-469105-r0/secrets/zantara-github-token",
            "labels": {},
            "name": "projects/1064094238013/secrets/zantara-github-token",
            "project": "involuted-box-469105-r0",
            "replication": [
              {
                "auto": [
                  {
                    "customer_managed_encryption": []
                  }
                ],
                "user_managed": []
              }
            ],
            "rotation": [],
            "secret_id": "zantara-github-token",
            "tags": null,
            "terraform_labels": {
              "goog-terraform-provisioned": "true"
            },
            "timeouts": null,
            "topics": [],
            "ttl": null,
            "version_aliases": {},
            "version_destroy_ttl": ""
          },
          "sensitive_attributes": [],
          "private": "eyJlMmJmYjczMC1lY2FhLTExZTYtOGY4OC0zNDM2M2JjN2M0YzAiOnsiY3JlYXRlIjoxMjAwMDAwMDAwMDAwLCJkZWxldGUiOjEyMDAwMDAwMDAwMDAsInVwZGF0ZSI6MTIwMDAwMDAwMDAwMH19",
          "dependencies": [
            "google_project_service.required_apis"
          ]
        }
      ]
    },
    {
      "mode": "managed",
      "type": "google_secret_manager_secret",
      "name": "openai_key",
      "provider": "provider[\"registry.terraform.io/hashicorp/google\"]",
      "instances": [
        {
          "schema_version": 0,
          "attributes": {
            "annotations": {},
            "create_time": "2025-09-16T11:41:39.296676Z",
            "deletion_protection": false,
            "effective_annotations": {},
            "effective_labels": {
              "goog-terraform-provisioned": "true"
            },
            "expire_time": "",
            "id": "projects/involuted-box-469105-r0/secrets/zantara-openai-key",
            "labels": {},
            "name": "projects/1064094238013/secrets/zantara-openai-key",
            "project": "involuted-box-469105-r0",
            "replication": [
              {
                "auto": [
                  {
                    "customer_managed_encryption": []
                  }
                ],
                "user_managed": []
              }
            ],
            "rotation": [],
            "secret_id": "zantara-openai-key",
            "tags": null,
            "terraform_labels": {
              "goog-terraform-provisioned": "true"
            },
            "timeouts": null,
            "topics": [],
            "ttl": null,
            "version_aliases": {},
            "version_destroy_ttl": ""
          },
          "sensitive_attributes": [],
          "private": "eyJlMmJmYjczMC1lY2FhLTExZTYtOGY4OC0zNDM2M2JjN2M0YzAiOnsiY3JlYXRlIjoxMjAwMDAwMDAwMDAwLCJkZWxldGUiOjEyMDAwMDAwMDAwMDAsInVwZGF0ZSI6MTIwMDAwMDAwMDAwMH19",
          "dependencies": [
            "google_project_service.required_apis"
          ]
        }
      ]
    },
    {
      "mode": "managed",
      "type": "google_service_account",
      "name": "agents",
      "provider": "provider[\"registry.terraform.io/hashicorp/google\"]",
      "instances": [
        {
          "schema_version": 0,
          "attributes": {
            "account_id": "zantara-agents",
            "create_ignore_already_exists": null,
            "description": "Service account for Zantara agent services",
            "disabled": false,
            "display_name": "Zantara Agents Service Account",
            "email": "zantara-agents@involuted-box-469105-r0.iam.gserviceaccount.com",
            "id": "projects/involuted-box-469105-r0/serviceAccounts/zantara-agents@involuted-box-469105-r0.iam.gserviceaccount.com",
            "member": "serviceAccount:zantara-agents@involuted-box-469105-r0.iam.gserviceaccount.com",
            "name": "projects/involuted-box-469105-r0/serviceAccounts/zantara-agents@involuted-box-469105-r0.iam.gserviceaccount.com",
            "project": "involuted-box-469105-r0",
            "timeouts": null,
            "unique_id": "107166952720336347543"
          },
          "sensitive_attributes": [],
          "private": "eyJlMmJmYjczMC1lY2FhLTExZTYtOGY4OC0zNDM2M2JjN2M0YzAiOnsiY3JlYXRlIjozMDAwMDAwMDAwMDB9fQ=="
        }
      ]
    },
    {
      "mode": "managed",
      "type": "google_service_account",
      "name": "orchestrator",
      "provider": "provider[\"registry.terraform.io/hashicorp/google\"]",
      "instances": [
        {
          "schema_version": 0,
          "attributes": {
            "account_id": "zantara-orchestrator",
            "create_ignore_already_exists": null,
            "description": "Service account for the Zantara orchestrator service",
            "disabled": false,
            "display_name": "Zantara Orchestrator Service Account",
            "email": "zantara-orchestrator@involuted-box-469105-r0.iam.gserviceaccount.com",
            "id": "projects/involuted-box-469105-r0/serviceAccounts/zantara-orchestrator@involuted-box-469105-r0.iam.gserviceaccount.com",
            "member": "serviceAccount:zantara-orchestrator@involuted-box-469105-r0.iam.gserviceaccount.com",
            "name": "projects/involuted-box-469105-r0/serviceAccounts/zantara-orchestrator@involuted-box-469105-r0.iam.gserviceaccount.com",
            "project": "involuted-box-469105-r0",
            "timeouts": null,
            "unique_id": "115459717287158288062"
          },
          "sensitive_attributes": [],
          "private": "eyJlMmJmYjczMC1lY2FhLTExZTYtOGY4OC0zNDM2M2JjN2M0YzAiOnsiY3JlYXRlIjozMDAwMDAwMDAwMDB9fQ=="
        }
      ]
    },
    {
      "mode": "managed",
      "type": "google_storage_bucket",
      "name": "zantara_storage",
      "provider": "provider[\"registry.terraform.io/hashicorp/google\"]",
      "instances": [
        {
          "schema_version": 4,
          "attributes": {
            "autoclass": [],
            "cors": [],
            "custom_placement_config": [],
            "default_event_based_hold": false,
            "effective_labels": {
              "goog-terraform-provisioned": "true"
            },
            "enable_object_retention": false,
            "encryption": [],
            "force_destroy": false,
            "hierarchical_namespace": [
              {
                "enabled": false
              }
            ],
            "id": "involuted-box-469105-r0-zantara-storage",
            "ip_filter": [],
            "labels": {},
            "lifecycle_rule": [
              {
                "action": [
                  {
                    "storage_class": "",
                    "type": "Delete"
                  }
                ],
                "condition": [
                  {
                    "age": 90,
                    "created_before": "",
                    "custom_time_before": "",
                    "days_since_custom_time": 0,
                    "days_since_noncurrent_time": 0,
                    "matches_prefix": [],
                    "matches_storage_class": [],
                    "matches_suffix": [],
                    "noncurrent_time_before": "",
                    "num_newer_versions": 0,
                    "send_age_if_zero": false,
                    "send_days_since_custom_time_if_zero": false,
                    "send_days_since_noncurrent_time_if_zero": false,
                    "send_num_newer_versions_if_zero": false,
                    "with_state": "ANY"
                  }
                ]
              }
            ],
            "location": "ASIA-SOUTHEAST2",
            "logging": [],
            "name": "involuted-box-469105-r0-zantara-storage",
            "project": "involuted-box-469105-r0",
            "project_number": 1064094238013,
            "public_access_prevention": "inherited",
            "requester_pays": false,
            "retention_policy": [],
            "rpo": null,
            "self_link": "https://www.googleapis.com/storage/v1/b/involuted-box-469105-r0-zantara-storage",
            "soft_delete_policy": [
              {
                "effective_time": "2025-09-16T11:41:35.910Z",
                "retention_duration_seconds": 604800
              }
            ],
            "storage_class": "STANDARD",
            "terraform_labels": {
              "goog-terraform-provisioned": "true"
            },
            "time_created": "2025-09-16T11:41:35.910Z",
            "timeouts": null,
            "uniform_bucket_level_access": true,
            "updated": "2025-09-16T11:41:35.910Z",
            "url": "gs://involuted-box-469105-r0-zantara-storage",
            "versioning": [
              {
                "enabled": true
              }
            ],
            "website": []
          },
          "sensitive_attributes": [],
          "private": "eyJlMmJmYjczMC1lY2FhLTExZTYtOGY4OC0zNDM2M2JjN2M0YzAiOnsiY3JlYXRlIjo2MDAwMDAwMDAwMDAsInJlYWQiOjI0MDAwMDAwMDAwMCwidXBkYXRlIjoyNDAwMDAwMDAwMDB9LCJzY2hlbWFfdmVyc2lvbiI6IjQifQ=="
        }
      ]
    }
  ],
  "check_results": null
}
